
Microsoft Visual Studio Solution File, Format Version 12.00
# Visual Studio Version 17
VisualStudioVersion = 17.5.002.0
MinimumVisualStudioVersion = 10.0.40219.1
Project("{9A19103F-16F7-4668-BE54-9A1E7A4F7556}") = "belonging", "belonging.csproj", "{4BE901C1-B0C9-4BF1-802D-E239FFB3A7AE}"
EndProject
Global
	GlobalSection(SolutionConfigurationPlatforms) = preSolution
		Debug|Any CPU = Debug|Any CPU
		Release|Any CPU = Release|Any CPU
	EndGlobalSection
	GlobalSection(ProjectConfigurationPlatforms) = postSolution
		{4BE901C1-B0C9-4BF1-802D-E239FFB3A7AE}.Debug|Any CPU.ActiveCfg = Debug|Any CPU
		{4BE901C1-B0C9-4BF1-802D-E239FFB3A7AE}.Debug|Any CPU.Build.0 = Debug|Any CPU
		{4BE901C1-B0C9-4BF1-802D-E239FFB3A7AE}.Release|Any CPU.ActiveCfg = Release|Any CPU
		{4BE901C1-B0C9-4BF1-802D-E239FFB3A7AE}.Release|Any CPU.Build.0 = Release|Any CPU
	EndGlobalSection
	GlobalSection(SolutionProperties) = preSolution
		HideSolutionNode = FALSE
	EndGlobalSection
	GlobalSection(ExtensibilityGlobals) = postSolution
		SolutionGuid = {9EE8DDED-A8D8-48B9-A269-7A9D0D1BC6F6}
	EndGlobalSection
EndGlobal
